
Microsoft Visual Studio Solution File, Format Version 12.00
# Visual Studio Version 17
VisualStudioVersion = 17.4.33122.133
MinimumVisualStudioVersion = 10.0.40219.1
Project("{FAE04EC0-301F-11D3-BF4B-00C04F79EFBC}") = "Gerenciador_CT", "Gerenciador_CT.csproj", "{30ACDAC2-851E-41E0-AF3E-59EF0A3BE167}"
EndProject
Global
	GlobalSection(SolutionConfigurationPlatforms) = preSolution
		Debug|Any CPU = Debug|Any CPU
		Release|Any CPU = Release|Any CPU
	EndGlobalSection
	GlobalSection(ProjectConfigurationPlatforms) = postSolution
		{30ACDAC2-851E-41E0-AF3E-59EF0A3BE167}.Debug|Any CPU.ActiveCfg = Debug|Any CPU
		{30ACDAC2-851E-41E0-AF3E-59EF0A3BE167}.Debug|Any CPU.Build.0 = Debug|Any CPU
		{30ACDAC2-851E-41E0-AF3E-59EF0A3BE167}.Release|Any CPU.ActiveCfg = Release|Any CPU
		{30ACDAC2-851E-41E0-AF3E-59EF0A3BE167}.Release|Any CPU.Build.0 = Release|Any CPU
	EndGlobalSection
	GlobalSection(SolutionProperties) = preSolution
		HideSolutionNode = FALSE
	EndGlobalSection
	GlobalSection(ExtensibilityGlobals) = postSolution
		SolutionGuid = {D60D597A-230C-41C1-9F9A-2E9F2A704478}
	EndGlobalSection
EndGlobal
